// !$*UTF8*$!
{
	archiveVersion = 1;
	classes = {
	};
	objectVersion = 46;
	objects = {

/* Begin PBXBuildFile section */
		07C040C7F39216AE8334BE56 /* Pods_simplist.framework in Frameworks */ = {isa = PBXBuildFile; fileRef = 534E8B69C9D05F1167995AED /* Pods_simplist.framework */; };
		0CB57916B8698DCC36B65B07 /* Pods_simplistTests.framework in Frameworks */ = {isa = PBXBuildFile; fileRef = D46E04AC7385299114212E56 /* Pods_simplistTests.framework */; };
		5863AFACAAAA5CA3FC96911F /* Pods_simplistUITests.framework in Frameworks */ = {isa = PBXBuildFile; fileRef = 1D3FB17C1A122CC05E2950FC /* Pods_simplistUITests.framework */; };
		E42859881DF5F46E00098AAA /* Ingredient.swift in Sources */ = {isa = PBXBuildFile; fileRef = E42859871DF5F46E00098AAA /* Ingredient.swift */; };
		E488558B1DDE258600A5D885 /* AppDelegate.swift in Sources */ = {isa = PBXBuildFile; fileRef = E488558A1DDE258600A5D885 /* AppDelegate.swift */; };
		E488558D1DDE258600A5D885 /* ViewController.swift in Sources */ = {isa = PBXBuildFile; fileRef = E488558C1DDE258600A5D885 /* ViewController.swift */; };
		E48855901DDE258600A5D885 /* Main.storyboard in Resources */ = {isa = PBXBuildFile; fileRef = E488558E1DDE258600A5D885 /* Main.storyboard */; };
		E48855921DDE258600A5D885 /* Assets.xcassets in Resources */ = {isa = PBXBuildFile; fileRef = E48855911DDE258600A5D885 /* Assets.xcassets */; };
		E48855951DDE258600A5D885 /* LaunchScreen.storyboard in Resources */ = {isa = PBXBuildFile; fileRef = E48855931DDE258600A5D885 /* LaunchScreen.storyboard */; };
		E48855A01DDE258600A5D885 /* simplistTests.swift in Sources */ = {isa = PBXBuildFile; fileRef = E488559F1DDE258600A5D885 /* simplistTests.swift */; };
		E48855AB1DDE258600A5D885 /* simplistUITests.swift in Sources */ = {isa = PBXBuildFile; fileRef = E48855AA1DDE258600A5D885 /* simplistUITests.swift */; };
		E4A93DBC1DDFA8C60057E9E7 /* GoogleService-Info.plist in Resources */ = {isa = PBXBuildFile; fileRef = E4A93DBB1DDFA8C60057E9E7 /* GoogleService-Info.plist */; };
		E4C5DD4B1DF4C21500766C43 /* DetailViewController.swift in Sources */ = {isa = PBXBuildFile; fileRef = E4C5DD491DF4C21500766C43 /* DetailViewController.swift */; };
		E4E2D5121DF2076800B687B1 /* Event.swift in Sources */ = {isa = PBXBuildFile; fileRef = E4E2D5111DF2076800B687B1 /* Event.swift */; };
		EC19EE231DE2682600603FDF /* EventScreen.swift in Sources */ = {isa = PBXBuildFile; fileRef = EC19EE221DE2682600603FDF /* EventScreen.swift */; };
		EC19EE251DE2722300603FDF /* NewEvent.swift in Sources */ = {isa = PBXBuildFile; fileRef = EC19EE241DE2722300603FDF /* NewEvent.swift */; };
/* End PBXBuildFile section */

/* Begin PBXContainerItemProxy section */
		E488559C1DDE258600A5D885 /* PBXContainerItemProxy */ = {
			isa = PBXContainerItemProxy;
			containerPortal = E488557F1DDE258600A5D885 /* Project object */;
			proxyType = 1;
			remoteGlobalIDString = E48855861DDE258600A5D885;
			remoteInfo = simplist;
		};
		E48855A71DDE258600A5D885 /* PBXContainerItemProxy */ = {
			isa = PBXContainerItemProxy;
			containerPortal = E488557F1DDE258600A5D885 /* Project object */;
			proxyType = 1;
			remoteGlobalIDString = E48855861DDE258600A5D885;
			remoteInfo = simplist;
		};
/* End PBXContainerItemProxy section */

/* Begin PBXFileReference section */
		03F1462E6C56C69E4FCF00A8 /* Pods-simplist.release.xcconfig */ = {isa = PBXFileReference; includeInIndex = 1; lastKnownFileType = text.xcconfig; name = "Pods-simplist.release.xcconfig"; path = "Pods/Target Support Files/Pods-simplist/Pods-simplist.release.xcconfig"; sourceTree = "<group>"; };
		1473275597CD606F99596E94 /* Pods-simplistTests.release.xcconfig */ = {isa = PBXFileReference; includeInIndex = 1; lastKnownFileType = text.xcconfig; name = "Pods-simplistTests.release.xcconfig"; path = "Pods/Target Support Files/Pods-simplistTests/Pods-simplistTests.release.xcconfig"; sourceTree = "<group>"; };
		1D3FB17C1A122CC05E2950FC /* Pods_simplistUITests.framework */ = {isa = PBXFileReference; explicitFileType = wrapper.framework; includeInIndex = 0; path = Pods_simplistUITests.framework; sourceTree = BUILT_PRODUCTS_DIR; };
		534E8B69C9D05F1167995AED /* Pods_simplist.framework */ = {isa = PBXFileReference; explicitFileType = wrapper.framework; includeInIndex = 0; path = Pods_simplist.framework; sourceTree = BUILT_PRODUCTS_DIR; };
		B51517ABFF2272A6AD2B86A9 /* Pods-simplist.debug.xcconfig */ = {isa = PBXFileReference; includeInIndex = 1; lastKnownFileType = text.xcconfig; name = "Pods-simplist.debug.xcconfig"; path = "Pods/Target Support Files/Pods-simplist/Pods-simplist.debug.xcconfig"; sourceTree = "<group>"; };
		B78406E3C12387AB44E39543 /* Pods-simplistUITests.debug.xcconfig */ = {isa = PBXFileReference; includeInIndex = 1; lastKnownFileType = text.xcconfig; name = "Pods-simplistUITests.debug.xcconfig"; path = "Pods/Target Support Files/Pods-simplistUITests/Pods-simplistUITests.debug.xcconfig"; sourceTree = "<group>"; };
		BF27DCD2356C2B44CE31AD32 /* Pods-simplistUITests.release.xcconfig */ = {isa = PBXFileReference; includeInIndex = 1; lastKnownFileType = text.xcconfig; name = "Pods-simplistUITests.release.xcconfig"; path = "Pods/Target Support Files/Pods-simplistUITests/Pods-simplistUITests.release.xcconfig"; sourceTree = "<group>"; };
		D46E04AC7385299114212E56 /* Pods_simplistTests.framework */ = {isa = PBXFileReference; explicitFileType = wrapper.framework; includeInIndex = 0; path = Pods_simplistTests.framework; sourceTree = BUILT_PRODUCTS_DIR; };
		E42859871DF5F46E00098AAA /* Ingredient.swift */ = {isa = PBXFileReference; fileEncoding = 4; lastKnownFileType = sourcecode.swift; path = Ingredient.swift; sourceTree = "<group>"; };
		E48855871DDE258600A5D885 /* simplist.app */ = {isa = PBXFileReference; explicitFileType = wrapper.application; includeInIndex = 0; path = simplist.app; sourceTree = BUILT_PRODUCTS_DIR; };
		E488558A1DDE258600A5D885 /* AppDelegate.swift */ = {isa = PBXFileReference; lastKnownFileType = sourcecode.swift; path = AppDelegate.swift; sourceTree = "<group>"; };
		E488558C1DDE258600A5D885 /* ViewController.swift */ = {isa = PBXFileReference; lastKnownFileType = sourcecode.swift; path = ViewController.swift; sourceTree = "<group>"; };
		E488558F1DDE258600A5D885 /* Base */ = {isa = PBXFileReference; lastKnownFileType = file.storyboard; name = Base; path = Base.lproj/Main.storyboard; sourceTree = "<group>"; };
		E48855911DDE258600A5D885 /* Assets.xcassets */ = {isa = PBXFileReference; lastKnownFileType = folder.assetcatalog; path = Assets.xcassets; sourceTree = "<group>"; };
		E48855941DDE258600A5D885 /* Base */ = {isa = PBXFileReference; lastKnownFileType = file.storyboard; name = Base; path = Base.lproj/LaunchScreen.storyboard; sourceTree = "<group>"; };
		E48855961DDE258600A5D885 /* Info.plist */ = {isa = PBXFileReference; lastKnownFileType = text.plist.xml; path = Info.plist; sourceTree = "<group>"; };
		E488559B1DDE258600A5D885 /* simplistTests.xctest */ = {isa = PBXFileReference; explicitFileType = wrapper.cfbundle; includeInIndex = 0; path = simplistTests.xctest; sourceTree = BUILT_PRODUCTS_DIR; };
		E488559F1DDE258600A5D885 /* simplistTests.swift */ = {isa = PBXFileReference; lastKnownFileType = sourcecode.swift; path = simplistTests.swift; sourceTree = "<group>"; };
		E48855A11DDE258600A5D885 /* Info.plist */ = {isa = PBXFileReference; lastKnownFileType = text.plist.xml; path = Info.plist; sourceTree = "<group>"; };
		E48855A61DDE258600A5D885 /* simplistUITests.xctest */ = {isa = PBXFileReference; explicitFileType = wrapper.cfbundle; includeInIndex = 0; path = simplistUITests.xctest; sourceTree = BUILT_PRODUCTS_DIR; };
		E48855AA1DDE258600A5D885 /* simplistUITests.swift */ = {isa = PBXFileReference; lastKnownFileType = sourcecode.swift; path = simplistUITests.swift; sourceTree = "<group>"; };
		E48855AC1DDE258600A5D885 /* Info.plist */ = {isa = PBXFileReference; lastKnownFileType = text.plist.xml; path = Info.plist; sourceTree = "<group>"; };
		E4A93DBB1DDFA8C60057E9E7 /* GoogleService-Info.plist */ = {isa = PBXFileReference; fileEncoding = 4; lastKnownFileType = text.plist.xml; path = "GoogleService-Info.plist"; sourceTree = "<group>"; };
		E4C5DD491DF4C21500766C43 /* DetailViewController.swift */ = {isa = PBXFileReference; fileEncoding = 4; lastKnownFileType = sourcecode.swift; path = DetailViewController.swift; sourceTree = "<group>"; };
		E4E2D5111DF2076800B687B1 /* Event.swift */ = {isa = PBXFileReference; fileEncoding = 4; lastKnownFileType = sourcecode.swift; path = Event.swift; sourceTree = "<group>"; };
		EC19EE221DE2682600603FDF /* EventScreen.swift */ = {isa = PBXFileReference; fileEncoding = 4; lastKnownFileType = sourcecode.swift; path = EventScreen.swift; sourceTree = "<group>"; };
		EC19EE241DE2722300603FDF /* NewEvent.swift */ = {isa = PBXFileReference; fileEncoding = 4; lastKnownFileType = sourcecode.swift; path = NewEvent.swift; sourceTree = "<group>"; };
		F268CD3FAF6D92DE8B3138C5 /* Pods-simplistTests.debug.xcconfig */ = {isa = PBXFileReference; includeInIndex = 1; lastKnownFileType = text.xcconfig; name = "Pods-simplistTests.debug.xcconfig"; path = "Pods/Target Support Files/Pods-simplistTests/Pods-simplistTests.debug.xcconfig"; sourceTree = "<group>"; };
/* End PBXFileReference section */

/* Begin PBXFrameworksBuildPhase section */
		E48855841DDE258600A5D885 /* Frameworks */ = {
			isa = PBXFrameworksBuildPhase;
			buildActionMask = 2147483647;
			files = (
				07C040C7F39216AE8334BE56 /* Pods_simplist.framework in Frameworks */,
			);
			runOnlyForDeploymentPostprocessing = 0;
		};
		E48855981DDE258600A5D885 /* Frameworks */ = {
			isa = PBXFrameworksBuildPhase;
			buildActionMask = 2147483647;
			files = (
				0CB57916B8698DCC36B65B07 /* Pods_simplistTests.framework in Frameworks */,
			);
			runOnlyForDeploymentPostprocessing = 0;
		};
		E48855A31DDE258600A5D885 /* Frameworks */ = {
			isa = PBXFrameworksBuildPhase;
			buildActionMask = 2147483647;
			files = (
				5863AFACAAAA5CA3FC96911F /* Pods_simplistUITests.framework in Frameworks */,
			);
			runOnlyForDeploymentPostprocessing = 0;
		};
/* End PBXFrameworksBuildPhase section */

/* Begin PBXGroup section */
		032AF70433C4D8BED670F17B /* Pods */ = {
			isa = PBXGroup;
			children = (
				B51517ABFF2272A6AD2B86A9 /* Pods-simplist.debug.xcconfig */,
				03F1462E6C56C69E4FCF00A8 /* Pods-simplist.release.xcconfig */,
				F268CD3FAF6D92DE8B3138C5 /* Pods-simplistTests.debug.xcconfig */,
				1473275597CD606F99596E94 /* Pods-simplistTests.release.xcconfig */,
				B78406E3C12387AB44E39543 /* Pods-simplistUITests.debug.xcconfig */,
				BF27DCD2356C2B44CE31AD32 /* Pods-simplistUITests.release.xcconfig */,
			);
			name = Pods;
			sourceTree = "<group>";
		};
		15D30B501387C04502FAAF1E /* Frameworks */ = {
			isa = PBXGroup;
			children = (
				534E8B69C9D05F1167995AED /* Pods_simplist.framework */,
				D46E04AC7385299114212E56 /* Pods_simplistTests.framework */,
				1D3FB17C1A122CC05E2950FC /* Pods_simplistUITests.framework */,
			);
			name = Frameworks;
			sourceTree = "<group>";
		};
		E488557E1DDE258600A5D885 = {
			isa = PBXGroup;
			children = (
				E48855891DDE258600A5D885 /* simplist */,
				E488559E1DDE258600A5D885 /* simplistTests */,
				E48855A91DDE258600A5D885 /* simplistUITests */,
				E48855881DDE258600A5D885 /* Products */,
				032AF70433C4D8BED670F17B /* Pods */,
				15D30B501387C04502FAAF1E /* Frameworks */,
			);
			sourceTree = "<group>";
		};
		E48855881DDE258600A5D885 /* Products */ = {
			isa = PBXGroup;
			children = (
				E48855871DDE258600A5D885 /* simplist.app */,
				E488559B1DDE258600A5D885 /* simplistTests.xctest */,
				E48855A61DDE258600A5D885 /* simplistUITests.xctest */,
			);
			name = Products;
			sourceTree = "<group>";
		};
		E48855891DDE258600A5D885 /* simplist */ = {
			isa = PBXGroup;
			children = (
				E488558A1DDE258600A5D885 /* AppDelegate.swift */,
				E488558C1DDE258600A5D885 /* ViewController.swift */,
				E4A93DBB1DDFA8C60057E9E7 /* GoogleService-Info.plist */,
				E488558E1DDE258600A5D885 /* Main.storyboard */,
				E4C5DD491DF4C21500766C43 /* DetailViewController.swift */,
				E48855911DDE258600A5D885 /* Assets.xcassets */,
				E48855931DDE258600A5D885 /* LaunchScreen.storyboard */,
				E48855961DDE258600A5D885 /* Info.plist */,
				EC19EE221DE2682600603FDF /* EventScreen.swift */,
				EC19EE241DE2722300603FDF /* NewEvent.swift */,
				E4E2D5111DF2076800B687B1 /* Event.swift */,
				E42859871DF5F46E00098AAA /* Ingredient.swift */,
			);
			path = simplist;
			sourceTree = "<group>";
		};
		E488559E1DDE258600A5D885 /* simplistTests */ = {
			isa = PBXGroup;
			children = (
				E488559F1DDE258600A5D885 /* simplistTests.swift */,
				E48855A11DDE258600A5D885 /* Info.plist */,
			);
			path = simplistTests;
			sourceTree = "<group>";
		};
		E48855A91DDE258600A5D885 /* simplistUITests */ = {
			isa = PBXGroup;
			children = (
				E48855AA1DDE258600A5D885 /* simplistUITests.swift */,
				E48855AC1DDE258600A5D885 /* Info.plist */,
			);
			path = simplistUITests;
			sourceTree = "<group>";
		};
/* End PBXGroup section */

/* Begin PBXNativeTarget section */
		E48855861DDE258600A5D885 /* simplist */ = {
			isa = PBXNativeTarget;
			buildConfigurationList = E48855AF1DDE258600A5D885 /* Build configuration list for PBXNativeTarget "simplist" */;
			buildPhases = (
				CF1DC8C4146103753D7C58D8 /* [CP] Check Pods Manifest.lock */,
				E48855831DDE258600A5D885 /* Sources */,
				E48855841DDE258600A5D885 /* Frameworks */,
				E48855851DDE258600A5D885 /* Resources */,
				41DF132E32BB4DE4F79B289C /* [CP] Embed Pods Frameworks */,
				9F76BC4413159FF46104E9B3 /* [CP] Copy Pods Resources */,
			);
			buildRules = (
			);
			dependencies = (
			);
			name = simplist;
			productName = simplist;
			productReference = E48855871DDE258600A5D885 /* simplist.app */;
			productType = "com.apple.product-type.application";
		};
		E488559A1DDE258600A5D885 /* simplistTests */ = {
			isa = PBXNativeTarget;
			buildConfigurationList = E48855B21DDE258600A5D885 /* Build configuration list for PBXNativeTarget "simplistTests" */;
			buildPhases = (
				AEE1393E42781AF3740CE2B4 /* [CP] Check Pods Manifest.lock */,
				E48855971DDE258600A5D885 /* Sources */,
				E48855981DDE258600A5D885 /* Frameworks */,
				E48855991DDE258600A5D885 /* Resources */,
				B88E920EC6D156A26DDFC212 /* [CP] Embed Pods Frameworks */,
				5E8B2D2BB041F91A3FED9E03 /* [CP] Copy Pods Resources */,
			);
			buildRules = (
			);
			dependencies = (
				E488559D1DDE258600A5D885 /* PBXTargetDependency */,
			);
			name = simplistTests;
			productName = simplistTests;
			productReference = E488559B1DDE258600A5D885 /* simplistTests.xctest */;
			productType = "com.apple.product-type.bundle.unit-test";
		};
		E48855A51DDE258600A5D885 /* simplistUITests */ = {
			isa = PBXNativeTarget;
			buildConfigurationList = E48855B51DDE258600A5D885 /* Build configuration list for PBXNativeTarget "simplistUITests" */;
			buildPhases = (
				1B5545A37EABB8E4F7ECD80A /* [CP] Check Pods Manifest.lock */,
				E48855A21DDE258600A5D885 /* Sources */,
				E48855A31DDE258600A5D885 /* Frameworks */,
				E48855A41DDE258600A5D885 /* Resources */,
				FE71C6A371B8B7B481470F7A /* [CP] Embed Pods Frameworks */,
				9CC7D55A30A91E727F739AB1 /* [CP] Copy Pods Resources */,
			);
			buildRules = (
			);
			dependencies = (
				E48855A81DDE258600A5D885 /* PBXTargetDependency */,
			);
			name = simplistUITests;
			productName = simplistUITests;
			productReference = E48855A61DDE258600A5D885 /* simplistUITests.xctest */;
			productType = "com.apple.product-type.bundle.ui-testing";
		};
/* End PBXNativeTarget section */

/* Begin PBXProject section */
		E488557F1DDE258600A5D885 /* Project object */ = {
			isa = PBXProject;
			attributes = {
				LastSwiftUpdateCheck = 0730;
				LastUpgradeCheck = 0730;
				ORGANIZATIONNAME = "Rob Osorio";
				TargetAttributes = {
					E48855861DDE258600A5D885 = {
						CreatedOnToolsVersion = 7.3.1;
					};
					E488559A1DDE258600A5D885 = {
						CreatedOnToolsVersion = 7.3.1;
						TestTargetID = E48855861DDE258600A5D885;
					};
					E48855A51DDE258600A5D885 = {
						CreatedOnToolsVersion = 7.3.1;
						TestTargetID = E48855861DDE258600A5D885;
					};
				};
			};
			buildConfigurationList = E48855821DDE258600A5D885 /* Build configuration list for PBXProject "simplist" */;
			compatibilityVersion = "Xcode 3.2";
			developmentRegion = English;
			hasScannedForEncodings = 0;
			knownRegions = (
				en,
				Base,
			);
			mainGroup = E488557E1DDE258600A5D885;
			productRefGroup = E48855881DDE258600A5D885 /* Products */;
			projectDirPath = "";
			projectRoot = "";
			targets = (
				E48855861DDE258600A5D885 /* simplist */,
				E488559A1DDE258600A5D885 /* simplistTests */,
				E48855A51DDE258600A5D885 /* simplistUITests */,
			);
		};
/* End PBXProject section */

/* Begin PBXResourcesBuildPhase section */
		E48855851DDE258600A5D885 /* Resources */ = {
			isa = PBXResourcesBuildPhase;
			buildActionMask = 2147483647;
			files = (
				E48855951DDE258600A5D885 /* LaunchScreen.storyboard in Resources */,
				E4A93DBC1DDFA8C60057E9E7 /* GoogleService-Info.plist in Resources */,
				E48855921DDE258600A5D885 /* Assets.xcassets in Resources */,
				E48855901DDE258600A5D885 /* Main.storyboard in Resources */,
			);
			runOnlyForDeploymentPostprocessing = 0;
		};
		E48855991DDE258600A5D885 /* Resources */ = {
			isa = PBXResourcesBuildPhase;
			buildActionMask = 2147483647;
			files = (
			);
			runOnlyForDeploymentPostprocessing = 0;
		};
		E48855A41DDE258600A5D885 /* Resources */ = {
			isa = PBXResourcesBuildPhase;
			buildActionMask = 2147483647;
			files = (
			);
			runOnlyForDeploymentPostprocessing = 0;
		};
/* End PBXResourcesBuildPhase section */

/* Begin PBXShellScriptBuildPhase section */
		1B5545A37EABB8E4F7ECD80A /* [CP] Check Pods Manifest.lock */ = {
			isa = PBXShellScriptBuildPhase;
			buildActionMask = 2147483647;
			files = (
			);
			inputPaths = (
			);
			name = "[CP] Check Pods Manifest.lock";
			outputPaths = (
			);
			runOnlyForDeploymentPostprocessing = 0;
			shellPath = /bin/sh;
			shellScript = "diff \"${PODS_ROOT}/../Podfile.lock\" \"${PODS_ROOT}/Manifest.lock\" > /dev/null\nif [ $? != 0 ] ; then\n    # print error to STDERR\n    echo \"error: The sandbox is not in sync with the Podfile.lock. Run 'pod install' or update your CocoaPods installation.\" >&2\n    exit 1\nfi\n";
			showEnvVarsInLog = 0;
		};
		41DF132E32BB4DE4F79B289C /* [CP] Embed Pods Frameworks */ = {
			isa = PBXShellScriptBuildPhase;
			buildActionMask = 2147483647;
			files = (
			);
			inputPaths = (
			);
			name = "[CP] Embed Pods Frameworks";
			outputPaths = (
			);
			runOnlyForDeploymentPostprocessing = 0;
			shellPath = /bin/sh;
			shellScript = "\"${SRCROOT}/Pods/Target Support Files/Pods-simplist/Pods-simplist-frameworks.sh\"\n";
			showEnvVarsInLog = 0;
		};
		5E8B2D2BB041F91A3FED9E03 /* [CP] Copy Pods Resources */ = {
			isa = PBXShellScriptBuildPhase;
			buildActionMask = 2147483647;
			files = (
			);
			inputPaths = (
			);
			name = "[CP] Copy Pods Resources";
			outputPaths = (
			);
			runOnlyForDeploymentPostprocessing = 0;
			shellPath = /bin/sh;
			shellScript = "\"${SRCROOT}/Pods/Target Support Files/Pods-simplistTests/Pods-simplistTests-resources.sh\"\n";
			showEnvVarsInLog = 0;
		};
		9CC7D55A30A91E727F739AB1 /* [CP] Copy Pods Resources */ = {
			isa = PBXShellScriptBuildPhase;
			buildActionMask = 2147483647;
			files = (
			);
			inputPaths = (
			);
			name = "[CP] Copy Pods Resources";
			outputPaths = (
			);
			runOnlyForDeploymentPostprocessing = 0;
			shellPath = /bin/sh;
			shellScript = "\"${SRCROOT}/Pods/Target Support Files/Pods-simplistUITests/Pods-simplistUITests-resources.sh\"\n";
			showEnvVarsInLog = 0;
		};
		9F76BC4413159FF46104E9B3 /* [CP] Copy Pods Resources */ = {
			isa = PBXShellScriptBuildPhase;
			buildActionMask = 2147483647;
			files = (
			);
			inputPaths = (
			);
			name = "[CP] Copy Pods Resources";
			outputPaths = (
			);
			runOnlyForDeploymentPostprocessing = 0;
			shellPath = /bin/sh;
			shellScript = "\"${SRCROOT}/Pods/Target Support Files/Pods-simplist/Pods-simplist-resources.sh\"\n";
			showEnvVarsInLog = 0;
		};
		AEE1393E42781AF3740CE2B4 /* [CP] Check Pods Manifest.lock */ = {
			isa = PBXShellScriptBuildPhase;
			buildActionMask = 2147483647;
			files = (
			);
			inputPaths = (
			);
			name = "[CP] Check Pods Manifest.lock";
			outputPaths = (
			);
			runOnlyForDeploymentPostprocessing = 0;
			shellPath = /bin/sh;
			shellScript = "diff \"${PODS_ROOT}/../Podfile.lock\" \"${PODS_ROOT}/Manifest.lock\" > /dev/null\nif [ $? != 0 ] ; then\n    # print error to STDERR\n    echo \"error: The sandbox is not in sync with the Podfile.lock. Run 'pod install' or update your CocoaPods installation.\" >&2\n    exit 1\nfi\n";
			showEnvVarsInLog = 0;
		};
		B88E920EC6D156A26DDFC212 /* [CP] Embed Pods Frameworks */ = {
			isa = PBXShellScriptBuildPhase;
			buildActionMask = 2147483647;
			files = (
			);
			inputPaths = (
			);
			name = "[CP] Embed Pods Frameworks";
			outputPaths = (
			);
			runOnlyForDeploymentPostprocessing = 0;
			shellPath = /bin/sh;
			shellScript = "\"${SRCROOT}/Pods/Target Support Files/Pods-simplistTests/Pods-simplistTests-frameworks.sh\"\n";
			showEnvVarsInLog = 0;
		};
		CF1DC8C4146103753D7C58D8 /* [CP] Check Pods Manifest.lock */ = {
			isa = PBXShellScriptBuildPhase;
			buildActionMask = 2147483647;
			files = (
			);
			inputPaths = (
			);
			name = "[CP] Check Pods Manifest.lock";
			outputPaths = (
			);
			runOnlyForDeploymentPostprocessing = 0;
			shellPath = /bin/sh;
			shellScript = "diff \"${PODS_ROOT}/../Podfile.lock\" \"${PODS_ROOT}/Manifest.lock\" > /dev/null\nif [ $? != 0 ] ; then\n    # print error to STDERR\n    echo \"error: The sandbox is not in sync with the Podfile.lock. Run 'pod install' or update your CocoaPods installation.\" >&2\n    exit 1\nfi\n";
			showEnvVarsInLog = 0;
		};
		FE71C6A371B8B7B481470F7A /* [CP] Embed Pods Frameworks */ = {
			isa = PBXShellScriptBuildPhase;
			buildActionMask = 2147483647;
			files = (
			);
			inputPaths = (
			);
			name = "[CP] Embed Pods Frameworks";
			outputPaths = (
			);
			runOnlyForDeploymentPostprocessing = 0;
			shellPath = /bin/sh;
			shellScript = "\"${SRCROOT}/Pods/Target Support Files/Pods-simplistUITests/Pods-simplistUITests-frameworks.sh\"\n";
			showEnvVarsInLog = 0;
		};
/* End PBXShellScriptBuildPhase section */

/* Begin PBXSourcesBuildPhase section */
		E48855831DDE258600A5D885 /* Sources */ = {
			isa = PBXSourcesBuildPhase;
			buildActionMask = 2147483647;
			files = (
				E488558D1DDE258600A5D885 /* ViewController.swift in Sources */,
				EC19EE251DE2722300603FDF /* NewEvent.swift in Sources */,
				E42859881DF5F46E00098AAA /* Ingredient.swift in Sources */,
				EC19EE231DE2682600603FDF /* EventScreen.swift in Sources */,
				E4C5DD4B1DF4C21500766C43 /* DetailViewController.swift in Sources */,
				E488558B1DDE258600A5D885 /* AppDelegate.swift in Sources */,
				E4E2D5121DF2076800B687B1 /* Event.swift in Sources */,
			);
			runOnlyForDeploymentPostprocessing = 0;
		};
		E48855971DDE258600A5D885 /* Sources */ = {
			isa = PBXSourcesBuildPhase;
			buildActionMask = 2147483647;
			files = (
				E48855A01DDE258600A5D885 /* simplistTests.swift in Sources */,
			);
			runOnlyForDeploymentPostprocessing = 0;
		};
		E48855A21DDE258600A5D885 /* Sources */ = {
			isa = PBXSourcesBuildPhase;
			buildActionMask = 2147483647;
			files = (
				E48855AB1DDE258600A5D885 /* simplistUITests.swift in Sources */,
			);
			runOnlyForDeploymentPostprocessing = 0;
		};
/* End PBXSourcesBuildPhase section */

/* Begin PBXTargetDependency section */
		E488559D1DDE258600A5D885 /* PBXTargetDependency */ = {
			isa = PBXTargetDependency;
			target = E48855861DDE258600A5D885 /* simplist */;
			targetProxy = E488559C1DDE258600A5D885 /* PBXContainerItemProxy */;
		};
		E48855A81DDE258600A5D885 /* PBXTargetDependency */ = {
			isa = PBXTargetDependency;
			target = E48855861DDE258600A5D885 /* simplist */;
			targetProxy = E48855A71DDE258600A5D885 /* PBXContainerItemProxy */;
		};
/* End PBXTargetDependency section */

/* Begin PBXVariantGroup section */
		E488558E1DDE258600A5D885 /* Main.storyboard */ = {
			isa = PBXVariantGroup;
			children = (
				E488558F1DDE258600A5D885 /* Base */,
			);
			name = Main.storyboard;
			sourceTree = "<group>";
		};
		E48855931DDE258600A5D885 /* LaunchScreen.storyboard */ = {
			isa = PBXVariantGroup;
			children = (
				E48855941DDE258600A5D885 /* Base */,
			);
			name = LaunchScreen.storyboard;
			sourceTree = "<group>";
		};
/* End PBXVariantGroup section */

/* Begin XCBuildConfiguration section */
		E48855AD1DDE258600A5D885 /* Debug */ = {
			isa = XCBuildConfiguration;
			buildSettings = {
				ALWAYS_SEARCH_USER_PATHS = NO;
				CLANG_ANALYZER_NONNULL = YES;
				CLANG_CXX_LANGUAGE_STANDARD = "gnu++0x";
				CLANG_CXX_LIBRARY = "libc++";
				CLANG_ENABLE_MODULES = YES;
				CLANG_ENABLE_OBJC_ARC = YES;
				CLANG_WARN_BOOL_CONVERSION = YES;
				CLANG_WARN_CONSTANT_CONVERSION = YES;
				CLANG_WARN_DIRECT_OBJC_ISA_USAGE = YES_ERROR;
				CLANG_WARN_EMPTY_BODY = YES;
				CLANG_WARN_ENUM_CONVERSION = YES;
				CLANG_WARN_INT_CONVERSION = YES;
				CLANG_WARN_OBJC_ROOT_CLASS = YES_ERROR;
				CLANG_WARN_UNREACHABLE_CODE = YES;
				CLANG_WARN__DUPLICATE_METHOD_MATCH = YES;
				"CODE_SIGN_IDENTITY[sdk=iphoneos*]" = "iPhone Developer";
				COPY_PHASE_STRIP = NO;
				DEBUG_INFORMATION_FORMAT = dwarf;
				ENABLE_STRICT_OBJC_MSGSEND = YES;
				ENABLE_TESTABILITY = YES;
				GCC_C_LANGUAGE_STANDARD = gnu99;
				GCC_DYNAMIC_NO_PIC = NO;
				GCC_NO_COMMON_BLOCKS = YES;
				GCC_OPTIMIZATION_LEVEL = 0;
				GCC_PREPROCESSOR_DEFINITIONS = (
					"DEBUG=1",
					"$(inherited)",
				);
				GCC_WARN_64_TO_32_BIT_CONVERSION = YES;
				GCC_WARN_ABOUT_RETURN_TYPE = YES_ERROR;
				GCC_WARN_UNDECLARED_SELECTOR = YES;
				GCC_WARN_UNINITIALIZED_AUTOS = YES_AGGRESSIVE;
				GCC_WARN_UNUSED_FUNCTION = YES;
				GCC_WARN_UNUSED_VARIABLE = YES;
				IPHONEOS_DEPLOYMENT_TARGET = 9.3;
				MTL_ENABLE_DEBUG_INFO = YES;
				ONLY_ACTIVE_ARCH = YES;
				SDKROOT = iphoneos;
				SWIFT_OPTIMIZATION_LEVEL = "-Onone";
			};
			name = Debug;
		};
		E48855AE1DDE258600A5D885 /* Release */ = {
			isa = XCBuildConfiguration;
			buildSettings = {
				ALWAYS_SEARCH_USER_PATHS = NO;
				CLANG_ANALYZER_NONNULL = YES;
				CLANG_CXX_LANGUAGE_STANDARD = "gnu++0x";
				CLANG_CXX_LIBRARY = "libc++";
				CLANG_ENABLE_MODULES = YES;
				CLANG_ENABLE_OBJC_ARC = YES;
				CLANG_WARN_BOOL_CONVERSION = YES;
				CLANG_WARN_CONSTANT_CONVERSION = YES;
				CLANG_WARN_DIRECT_OBJC_ISA_USAGE = YES_ERROR;
				CLANG_WARN_EMPTY_BODY = YES;
				CLANG_WARN_ENUM_CONVERSION = YES;
				CLANG_WARN_INT_CONVERSION = YES;
				CLANG_WARN_OBJC_ROOT_CLASS = YES_ERROR;
				CLANG_WARN_UNREACHABLE_CODE = YES;
				CLANG_WARN__DUPLICATE_METHOD_MATCH = YES;
				"CODE_SIGN_IDENTITY[sdk=iphoneos*]" = "iPhone Developer";
				COPY_PHASE_STRIP = NO;
				DEBUG_INFORMATION_FORMAT = "dwarf-with-dsym";
				ENABLE_NS_ASSERTIONS = NO;
				ENABLE_STRICT_OBJC_MSGSEND = YES;
				GCC_C_LANGUAGE_STANDARD = gnu99;
				GCC_NO_COMMON_BLOCKS = YES;
				GCC_WARN_64_TO_32_BIT_CONVERSION = YES;
				GCC_WARN_ABOUT_RETURN_TYPE = YES_ERROR;
				GCC_WARN_UNDECLARED_SELECTOR = YES;
				GCC_WARN_UNINITIALIZED_AUTOS = YES_AGGRESSIVE;
				GCC_WARN_UNUSED_FUNCTION = YES;
				GCC_WARN_UNUSED_VARIABLE = YES;
				IPHONEOS_DEPLOYMENT_TARGET = 9.3;
				MTL_ENABLE_DEBUG_INFO = NO;
				SDKROOT = iphoneos;
				VALIDATE_PRODUCT = YES;
			};
			name = Release;
		};
		E48855B01DDE258600A5D885 /* Debug */ = {
			isa = XCBuildConfiguration;
			baseConfigurationReference = B51517ABFF2272A6AD2B86A9 /* Pods-simplist.debug.xcconfig */;
			buildSettings = {
				ASSETCATALOG_COMPILER_APPICON_NAME = AppIcon;
				INFOPLIST_FILE = simplist/Info.plist;
				PRODUCT_BUNDLE_IDENTIFIER = cse438.simplist;
				PRODUCT_NAME = "$(TARGET_NAME)";
			};
			name = Debug;
		};
		E48855B11DDE258600A5D885 /* Release */ = {
			isa = XCBuildConfiguration;
			baseConfigurationReference = 03F1462E6C56C69E4FCF00A8 /* Pods-simplist.release.xcconfig */;
			buildSettings = {
				ASSETCATALOG_COMPILER_APPICON_NAME = AppIcon;
				INFOPLIST_FILE = simplist/Info.plist;
				PRODUCT_BUNDLE_IDENTIFIER = cse438.simplist;
				PRODUCT_NAME = "$(TARGET_NAME)";
			};
			name = Release;
		};
		E48855B31DDE258600A5D885 /* Debug */ = {
			isa = XCBuildConfiguration;
			baseConfigurationReference = F268CD3FAF6D92DE8B3138C5 /* Pods-simplistTests.debug.xcconfig */;
			buildSettings = {
				BUNDLE_LOADER = "$(TEST_HOST)";
				INFOPLIST_FILE = simplistTests/Info.plist;
				LD_RUNPATH_SEARCH_PATHS = "$(inherited) @executable_path/Frameworks @loader_path/Frameworks";
				PRODUCT_BUNDLE_IDENTIFIER = cse438.simplistTests;
				PRODUCT_NAME = "$(TARGET_NAME)";
				TEST_HOST = "$(BUILT_PRODUCTS_DIR)/simplist.app/simplist";
			};
			name = Debug;
		};
		E48855B41DDE258600A5D885 /* Release */ = {
			isa = XCBuildConfiguration;
			baseConfigurationReference = 1473275597CD606F99596E94 /* Pods-simplistTests.release.xcconfig */;
			buildSettings = {
				BUNDLE_LOADER = "$(TEST_HOST)";
				INFOPLIST_FILE = simplistTests/Info.plist;
				LD_RUNPATH_SEARCH_PATHS = "$(inherited) @executable_path/Frameworks @loader_path/Frameworks";
				PRODUCT_BUNDLE_IDENTIFIER = cse438.simplistTests;
				PRODUCT_NAME = "$(TARGET_NAME)";
				TEST_HOST = "$(BUILT_PRODUCTS_DIR)/simplist.app/simplist";
			};
			name = Release;
		};
		E48855B61DDE258600A5D885 /* Debug */ = {
			isa = XCBuildConfiguration;
			baseConfigurationReference = B78406E3C12387AB44E39543 /* Pods-simplistUITests.debug.xcconfig */;
			buildSettings = {
				INFOPLIST_FILE = simplistUITests/Info.plist;
				LD_RUNPATH_SEARCH_PATHS = "$(inherited) @executable_path/Frameworks @loader_path/Frameworks";
				PRODUCT_BUNDLE_IDENTIFIER = cse438.simplistUITests;
				PRODUCT_NAME = "$(TARGET_NAME)";
				TEST_TARGET_NAME = simplist;
			};
			name = Debug;
		};
		E48855B71DDE258600A5D885 /* Release */ = {
			isa = XCBuildConfiguration;
			baseConfigurationReference = BF27DCD2356C2B44CE31AD32 /* Pods-simplistUITests.release.xcconfig */;
			buildSettings = {
				INFOPLIST_FILE = simplistUITests/Info.plist;
				LD_RUNPATH_SEARCH_PATHS = "$(inherited) @executable_path/Frameworks @loader_path/Frameworks";
				PRODUCT_BUNDLE_IDENTIFIER = cse438.simplistUITests;
				PRODUCT_NAME = "$(TARGET_NAME)";
				TEST_TARGET_NAME = simplist;
			};
			name = Release;
		};
/* End XCBuildConfiguration section */

/* Begin XCConfigurationList section */
		E48855821DDE258600A5D885 /* Build configuration list for PBXProject "simplist" */ = {
			isa = XCConfigurationList;
			buildConfigurations = (
				E48855AD1DDE258600A5D885 /* Debug */,
				E48855AE1DDE258600A5D885 /* Release */,
			);
			defaultConfigurationIsVisible = 0;
			defaultConfigurationName = Release;
		};
		E48855AF1DDE258600A5D885 /* Build configuration list for PBXNativeTarget "simplist" */ = {
			isa = XCConfigurationList;
			buildConfigurations = (
				E48855B01DDE258600A5D885 /* Debug */,
				E48855B11DDE258600A5D885 /* Release */,
			);
			defaultConfigurationIsVisible = 0;
			defaultConfigurationName = Release;
		};
		E48855B21DDE258600A5D885 /* Build configuration list for PBXNativeTarget "simplistTests" */ = {
			isa = XCConfigurationList;
			buildConfigurations = (
				E48855B31DDE258600A5D885 /* Debug */,
				E48855B41DDE258600A5D885 /* Release */,
			);
			defaultConfigurationIsVisible = 0;
			defaultConfigurationName = Release;
		};
		E48855B51DDE258600A5D885 /* Build configuration list for PBXNativeTarget "simplistUITests" */ = {
			isa = XCConfigurationList;
			buildConfigurations = (
				E48855B61DDE258600A5D885 /* Debug */,
				E48855B71DDE258600A5D885 /* Release */,
			);
			defaultConfigurationIsVisible = 0;
			defaultConfigurationName = Release;
		};
/* End XCConfigurationList section */
	};
	rootObject = E488557F1DDE258600A5D885 /* Project object */;
}
